
Microsoft Visual Studio Solution File, Format Version 12.00
# Visual Studio 15
VisualStudioVersion = 15.0.28307.572
MinimumVisualStudioVersion = 10.0.40219.1
Project("{9A19103F-16F7-4668-BE54-9A1E7A4F7556}") = "GraniteCore", "GraniteCore\GraniteCore.csproj", "{11D2CE26-2AFA-4EE1-A86E-D882D717D645}"
EndProject
Project("{9A19103F-16F7-4668-BE54-9A1E7A4F7556}") = "GraniteCore.EntityFrameworkCore", "GraniteCore.EntityFrameworkCore\GraniteCore.EntityFrameworkCore.csproj", "{150A0666-E404-46A8-9813-BF31868EF168}"
EndProject
Project("{2150E333-8FDC-42A3-9474-1A3956D46DE8}") = "Resources", "Resources", "{047E7A68-161C-4D90-A1E9-5B88338A67B0}"
	ProjectSection(SolutionItems) = preProject
		..\..\..\Users\peter\Pictures\Granite-pictures\granitecore-64.png = ..\..\..\Users\peter\Pictures\Granite-pictures\granitecore-64.png
		Resources\granitecore-automapper-64.png = Resources\granitecore-automapper-64.png
		Resources\granitecore-efcore-64.png = Resources\granitecore-efcore-64.png
	EndProjectSection
EndProject
Project("{9A19103F-16F7-4668-BE54-9A1E7A4F7556}") = "GraniteCore.AutoMapper", "GraniteCore.Automapper\GraniteCore.AutoMapper.csproj", "{B0962EB3-26BA-4D2B-8BF2-18BCB0012C1D}"
EndProject
Project("{2150E333-8FDC-42A3-9474-1A3956D46DE8}") = "samples", "samples", "{AF5D236F-CDD8-41FF-9643-411BFD1FF5E5}"
EndProject
Project("{FAE04EC0-301F-11D3-BF4B-00C04F79EFBC}") = "MyCars", "..\samples\MyCars\MyCars.csproj", "{8E61CF5B-30AC-49B2-8359-2ED6B58C5290}"
EndProject
Global
	GlobalSection(SolutionConfigurationPlatforms) = preSolution
		Debug|Any CPU = Debug|Any CPU
		Release|Any CPU = Release|Any CPU
	EndGlobalSection
	GlobalSection(ProjectConfigurationPlatforms) = postSolution
		{11D2CE26-2AFA-4EE1-A86E-D882D717D645}.Debug|Any CPU.ActiveCfg = Debug|Any CPU
		{11D2CE26-2AFA-4EE1-A86E-D882D717D645}.Debug|Any CPU.Build.0 = Debug|Any CPU
		{11D2CE26-2AFA-4EE1-A86E-D882D717D645}.Release|Any CPU.ActiveCfg = Release|Any CPU
		{11D2CE26-2AFA-4EE1-A86E-D882D717D645}.Release|Any CPU.Build.0 = Release|Any CPU
		{150A0666-E404-46A8-9813-BF31868EF168}.Debug|Any CPU.ActiveCfg = Debug|Any CPU
		{150A0666-E404-46A8-9813-BF31868EF168}.Debug|Any CPU.Build.0 = Debug|Any CPU
		{150A0666-E404-46A8-9813-BF31868EF168}.Release|Any CPU.ActiveCfg = Release|Any CPU
		{150A0666-E404-46A8-9813-BF31868EF168}.Release|Any CPU.Build.0 = Release|Any CPU
		{B0962EB3-26BA-4D2B-8BF2-18BCB0012C1D}.Debug|Any CPU.ActiveCfg = Debug|Any CPU
		{B0962EB3-26BA-4D2B-8BF2-18BCB0012C1D}.Debug|Any CPU.Build.0 = Debug|Any CPU
		{B0962EB3-26BA-4D2B-8BF2-18BCB0012C1D}.Release|Any CPU.ActiveCfg = Release|Any CPU
		{B0962EB3-26BA-4D2B-8BF2-18BCB0012C1D}.Release|Any CPU.Build.0 = Release|Any CPU
		{8E61CF5B-30AC-49B2-8359-2ED6B58C5290}.Debug|Any CPU.ActiveCfg = Debug|Any CPU
		{8E61CF5B-30AC-49B2-8359-2ED6B58C5290}.Debug|Any CPU.Build.0 = Debug|Any CPU
		{8E61CF5B-30AC-49B2-8359-2ED6B58C5290}.Release|Any CPU.ActiveCfg = Release|Any CPU
		{8E61CF5B-30AC-49B2-8359-2ED6B58C5290}.Release|Any CPU.Build.0 = Release|Any CPU
	EndGlobalSection
	GlobalSection(SolutionProperties) = preSolution
		HideSolutionNode = FALSE
	EndGlobalSection
	GlobalSection(NestedProjects) = preSolution
		{8E61CF5B-30AC-49B2-8359-2ED6B58C5290} = {AF5D236F-CDD8-41FF-9643-411BFD1FF5E5}
	EndGlobalSection
	GlobalSection(ExtensibilityGlobals) = postSolution
		SolutionGuid = {2EECD537-6639-432F-94E7-48191B5599B4}
	EndGlobalSection
EndGlobal
