
Microsoft Visual Studio Solution File, Format Version 12.00
# Visual Studio 15
VisualStudioVersion = 15.0.28307.572
MinimumVisualStudioVersion = 10.0.40219.1
Project("{9A19103F-16F7-4668-BE54-9A1E7A4F7556}") = "Granite", "Granite\Granite.csproj", "{11D2CE26-2AFA-4EE1-A86E-D882D717D645}"
EndProject
Project("{9A19103F-16F7-4668-BE54-9A1E7A4F7556}") = "Granite.EntityFrameworkCore", "Granite.EntityFrameworkCore\Granite.EntityFrameworkCore.csproj", "{150A0666-E404-46A8-9813-BF31868EF168}"
EndProject
Project("{2150E333-8FDC-42A3-9474-1A3956D46DE8}") = "Resources", "Resources", "{047E7A68-161C-4D90-A1E9-5B88338A67B0}"
	ProjectSection(SolutionItems) = preProject
		..\..\..\Users\peter\Pictures\Granite-pictures\granite-64.png = ..\..\..\Users\peter\Pictures\Granite-pictures\granite-64.png
		Resources\granite-efcore-64.png = Resources\granite-efcore-64.png
	EndProjectSection
EndProject
Global
	GlobalSection(SolutionConfigurationPlatforms) = preSolution
		Debug|Any CPU = Debug|Any CPU
		Release|Any CPU = Release|Any CPU
	EndGlobalSection
	GlobalSection(ProjectConfigurationPlatforms) = postSolution
		{11D2CE26-2AFA-4EE1-A86E-D882D717D645}.Debug|Any CPU.ActiveCfg = Debug|Any CPU
		{11D2CE26-2AFA-4EE1-A86E-D882D717D645}.Debug|Any CPU.Build.0 = Debug|Any CPU
		{11D2CE26-2AFA-4EE1-A86E-D882D717D645}.Release|Any CPU.ActiveCfg = Release|Any CPU
		{11D2CE26-2AFA-4EE1-A86E-D882D717D645}.Release|Any CPU.Build.0 = Release|Any CPU
		{150A0666-E404-46A8-9813-BF31868EF168}.Debug|Any CPU.ActiveCfg = Debug|Any CPU
		{150A0666-E404-46A8-9813-BF31868EF168}.Debug|Any CPU.Build.0 = Debug|Any CPU
		{150A0666-E404-46A8-9813-BF31868EF168}.Release|Any CPU.ActiveCfg = Release|Any CPU
		{150A0666-E404-46A8-9813-BF31868EF168}.Release|Any CPU.Build.0 = Release|Any CPU
	EndGlobalSection
	GlobalSection(SolutionProperties) = preSolution
		HideSolutionNode = FALSE
	EndGlobalSection
	GlobalSection(ExtensibilityGlobals) = postSolution
		SolutionGuid = {2EECD537-6639-432F-94E7-48191B5599B4}
	EndGlobalSection
EndGlobal
